
Microsoft Visual Studio Solution File, Format Version 12.00
# Visual Studio Version 17
VisualStudioVersion = 17.0.32112.339
MinimumVisualStudioVersion = 10.0.40219.1
Project("{9A19103F-16F7-4668-BE54-9A1E7A4F7556}") = "WPFSample.Applicationz", "src\WPFSample.Applicationz\WPFSample.Applicationz.csproj", "{B95A8785-B88A-4FD3-8B83-5C337ACC5024}"
EndProject
Project("{9A19103F-16F7-4668-BE54-9A1E7A4F7556}") = "WPFSample.Infrastructure", "src\WPFSample.Infrastructure\WPFSample.Infrastructure.csproj", "{435A32D3-56F4-47FF-ABF6-9118CD236B29}"
EndProject
Project("{9A19103F-16F7-4668-BE54-9A1E7A4F7556}") = "WPFSample.UI", "src\WPFSample.UI\WPFSample.UI.csproj", "{03E32F9A-2F2A-4421-8D71-2AA82B61E491}"
EndProject
Global
	GlobalSection(SolutionConfigurationPlatforms) = preSolution
		Debug|Any CPU = Debug|Any CPU
		Debug|arm64 = Debug|arm64
		Debug|x64 = Debug|x64
		Debug|x86 = Debug|x86
		Release|Any CPU = Release|Any CPU
		Release|arm64 = Release|arm64
		Release|x64 = Release|x64
		Release|x86 = Release|x86
	EndGlobalSection
	GlobalSection(ProjectConfigurationPlatforms) = postSolution
		{B95A8785-B88A-4FD3-8B83-5C337ACC5024}.Debug|Any CPU.ActiveCfg = Debug|Any CPU
		{B95A8785-B88A-4FD3-8B83-5C337ACC5024}.Debug|Any CPU.Build.0 = Debug|Any CPU
		{B95A8785-B88A-4FD3-8B83-5C337ACC5024}.Debug|arm64.ActiveCfg = Debug|Any CPU
		{B95A8785-B88A-4FD3-8B83-5C337ACC5024}.Debug|arm64.Build.0 = Debug|Any CPU
		{B95A8785-B88A-4FD3-8B83-5C337ACC5024}.Debug|x64.ActiveCfg = Debug|Any CPU
		{B95A8785-B88A-4FD3-8B83-5C337ACC5024}.Debug|x64.Build.0 = Debug|Any CPU
		{B95A8785-B88A-4FD3-8B83-5C337ACC5024}.Debug|x86.ActiveCfg = Debug|Any CPU
		{B95A8785-B88A-4FD3-8B83-5C337ACC5024}.Debug|x86.Build.0 = Debug|Any CPU
		{B95A8785-B88A-4FD3-8B83-5C337ACC5024}.Release|Any CPU.ActiveCfg = Release|Any CPU
		{B95A8785-B88A-4FD3-8B83-5C337ACC5024}.Release|Any CPU.Build.0 = Release|Any CPU
		{B95A8785-B88A-4FD3-8B83-5C337ACC5024}.Release|arm64.ActiveCfg = Release|Any CPU
		{B95A8785-B88A-4FD3-8B83-5C337ACC5024}.Release|arm64.Build.0 = Release|Any CPU
		{B95A8785-B88A-4FD3-8B83-5C337ACC5024}.Release|x64.ActiveCfg = Release|Any CPU
		{B95A8785-B88A-4FD3-8B83-5C337ACC5024}.Release|x64.Build.0 = Release|Any CPU
		{B95A8785-B88A-4FD3-8B83-5C337ACC5024}.Release|x86.ActiveCfg = Release|Any CPU
		{B95A8785-B88A-4FD3-8B83-5C337ACC5024}.Release|x86.Build.0 = Release|Any CPU
		{435A32D3-56F4-47FF-ABF6-9118CD236B29}.Debug|Any CPU.ActiveCfg = Debug|Any CPU
		{435A32D3-56F4-47FF-ABF6-9118CD236B29}.Debug|Any CPU.Build.0 = Debug|Any CPU
		{435A32D3-56F4-47FF-ABF6-9118CD236B29}.Debug|arm64.ActiveCfg = Debug|Any CPU
		{435A32D3-56F4-47FF-ABF6-9118CD236B29}.Debug|arm64.Build.0 = Debug|Any CPU
		{435A32D3-56F4-47FF-ABF6-9118CD236B29}.Debug|x64.ActiveCfg = Debug|Any CPU
		{435A32D3-56F4-47FF-ABF6-9118CD236B29}.Debug|x64.Build.0 = Debug|Any CPU
		{435A32D3-56F4-47FF-ABF6-9118CD236B29}.Debug|x86.ActiveCfg = Debug|Any CPU
		{435A32D3-56F4-47FF-ABF6-9118CD236B29}.Debug|x86.Build.0 = Debug|Any CPU
		{435A32D3-56F4-47FF-ABF6-9118CD236B29}.Release|Any CPU.ActiveCfg = Release|Any CPU
		{435A32D3-56F4-47FF-ABF6-9118CD236B29}.Release|Any CPU.Build.0 = Release|Any CPU
		{435A32D3-56F4-47FF-ABF6-9118CD236B29}.Release|arm64.ActiveCfg = Release|Any CPU
		{435A32D3-56F4-47FF-ABF6-9118CD236B29}.Release|arm64.Build.0 = Release|Any CPU
		{435A32D3-56F4-47FF-ABF6-9118CD236B29}.Release|x64.ActiveCfg = Release|Any CPU
		{435A32D3-56F4-47FF-ABF6-9118CD236B29}.Release|x64.Build.0 = Release|Any CPU
		{435A32D3-56F4-47FF-ABF6-9118CD236B29}.Release|x86.ActiveCfg = Release|Any CPU
		{435A32D3-56F4-47FF-ABF6-9118CD236B29}.Release|x86.Build.0 = Release|Any CPU
		{03E32F9A-2F2A-4421-8D71-2AA82B61E491}.Debug|Any CPU.ActiveCfg = Debug|Any CPU
		{03E32F9A-2F2A-4421-8D71-2AA82B61E491}.Debug|Any CPU.Build.0 = Debug|Any CPU
		{03E32F9A-2F2A-4421-8D71-2AA82B61E491}.Debug|arm64.ActiveCfg = Debug|Any CPU
		{03E32F9A-2F2A-4421-8D71-2AA82B61E491}.Debug|arm64.Build.0 = Debug|Any CPU
		{03E32F9A-2F2A-4421-8D71-2AA82B61E491}.Debug|x64.ActiveCfg = Debug|Any CPU
		{03E32F9A-2F2A-4421-8D71-2AA82B61E491}.Debug|x64.Build.0 = Debug|Any CPU
		{03E32F9A-2F2A-4421-8D71-2AA82B61E491}.Debug|x86.ActiveCfg = Debug|Any CPU
		{03E32F9A-2F2A-4421-8D71-2AA82B61E491}.Debug|x86.Build.0 = Debug|Any CPU
		{03E32F9A-2F2A-4421-8D71-2AA82B61E491}.Release|Any CPU.ActiveCfg = Release|Any CPU
		{03E32F9A-2F2A-4421-8D71-2AA82B61E491}.Release|Any CPU.Build.0 = Release|Any CPU
		{03E32F9A-2F2A-4421-8D71-2AA82B61E491}.Release|arm64.ActiveCfg = Release|Any CPU
		{03E32F9A-2F2A-4421-8D71-2AA82B61E491}.Release|arm64.Build.0 = Release|Any CPU
		{03E32F9A-2F2A-4421-8D71-2AA82B61E491}.Release|x64.ActiveCfg = Release|Any CPU
		{03E32F9A-2F2A-4421-8D71-2AA82B61E491}.Release|x64.Build.0 = Release|Any CPU
		{03E32F9A-2F2A-4421-8D71-2AA82B61E491}.Release|x86.ActiveCfg = Release|Any CPU
		{03E32F9A-2F2A-4421-8D71-2AA82B61E491}.Release|x86.Build.0 = Release|Any CPU
	EndGlobalSection
	GlobalSection(SolutionProperties) = preSolution
		HideSolutionNode = FALSE
	EndGlobalSection
	GlobalSection(ExtensibilityGlobals) = postSolution
		SolutionGuid = {009984E6-90F8-4529-8AFF-3579F45FBD61}
	EndGlobalSection
EndGlobal
